
Microsoft Visual Studio Solution File, Format Version 11.00
# Visual Studio 2010
Project("{FAE04EC0-301F-11D3-BF4B-00C04F79EFBC}") = "Hello_test", "Hello_test\Hello_test.csproj", "{A2B8156C-490E-4BC0-B137-07941F7CF93A}"
EndProject
Global
	GlobalSection(SolutionConfigurationPlatforms) = preSolution
		Debug|iPhoneSimulator = Debug|iPhoneSimulator
		Release|iPhoneSimulator = Release|iPhoneSimulator
		Debug|iPhone = Debug|iPhone
		Release|iPhone = Release|iPhone
		Ad-Hoc|iPhone = Ad-Hoc|iPhone
		AppStore|iPhone = AppStore|iPhone
	EndGlobalSection
	GlobalSection(ProjectConfigurationPlatforms) = postSolution
		{A2B8156C-490E-4BC0-B137-07941F7CF93A}.Ad-Hoc|iPhone.ActiveCfg = Ad-Hoc|iPhone
		{A2B8156C-490E-4BC0-B137-07941F7CF93A}.Ad-Hoc|iPhone.Build.0 = Ad-Hoc|iPhone
		{A2B8156C-490E-4BC0-B137-07941F7CF93A}.AppStore|iPhone.ActiveCfg = AppStore|iPhone
		{A2B8156C-490E-4BC0-B137-07941F7CF93A}.AppStore|iPhone.Build.0 = AppStore|iPhone
		{A2B8156C-490E-4BC0-B137-07941F7CF93A}.Debug|iPhone.ActiveCfg = Debug|iPhone
		{A2B8156C-490E-4BC0-B137-07941F7CF93A}.Debug|iPhone.Build.0 = Debug|iPhone
		{A2B8156C-490E-4BC0-B137-07941F7CF93A}.Debug|iPhoneSimulator.ActiveCfg = Debug|iPhoneSimulator
		{A2B8156C-490E-4BC0-B137-07941F7CF93A}.Debug|iPhoneSimulator.Build.0 = Debug|iPhoneSimulator
		{A2B8156C-490E-4BC0-B137-07941F7CF93A}.Release|iPhone.ActiveCfg = Release|iPhone
		{A2B8156C-490E-4BC0-B137-07941F7CF93A}.Release|iPhone.Build.0 = Release|iPhone
		{A2B8156C-490E-4BC0-B137-07941F7CF93A}.Release|iPhoneSimulator.ActiveCfg = Release|iPhoneSimulator
		{A2B8156C-490E-4BC0-B137-07941F7CF93A}.Release|iPhoneSimulator.Build.0 = Release|iPhoneSimulator
	EndGlobalSection
	GlobalSection(MonoDevelopProperties) = preSolution
		StartupItem = Hello_test\Hello_test.csproj
	EndGlobalSection
EndGlobal
